
Microsoft Visual Studio Solution File, Format Version 12.00
# Visual Studio Version 17
VisualStudioVersion = 17.11.35303.130
MinimumVisualStudioVersion = 10.0.40219.1
Project("{FAE04EC0-301F-11D3-BF4B-00C04F79EFBC}") = "GUI", "GUI\GUI.csproj", "{267C476A-4CCD-45A6-A358-485D79966304}"
EndProject
<<<<<<< HEAD
Project("{FAE04EC0-301F-11D3-BF4B-00C04F79EFBC}") = "DAL", "DAL\DAL.csproj", "{55ED2E95-E26E-46AA-92DE-8597216B453D}"
EndProject
Project("{FAE04EC0-301F-11D3-BF4B-00C04F79EFBC}") = "BUL", "BUL\BUL.csproj", "{806F0ACE-25BD-42AF-9F72-DCD1FF5E9C1D}"
EndProject
Project("{FAE04EC0-301F-11D3-BF4B-00C04F79EFBC}") = "DTO", "DTO\DTO.csproj", "{499F3C88-467D-469E-A0DC-F34A406D6EC6}"
EndProject
Project("{FAE04EC0-301F-11D3-BF4B-00C04F79EFBC}") = "Utilities", "Utilities\Utilities.csproj", "{70FA9F86-F38E-431B-9AF6-7366CCCCC662}"
=======
Project("{9A19103F-16F7-4668-BE54-9A1E7A4F7556}") = "BUL", "BUL\BUL.csproj", "{5F0B40BB-241A-49F8-BA31-CEF351A753B2}"
EndProject
Project("{9A19103F-16F7-4668-BE54-9A1E7A4F7556}") = "DAL", "DAL\DAL.csproj", "{AFD4F853-22EE-48A3-BE6A-CE0C41F2CC21}"
EndProject
Project("{9A19103F-16F7-4668-BE54-9A1E7A4F7556}") = "DTO", "DTO\DTO.csproj", "{0C586CFD-3DE9-41FF-A677-40B9936C9B46}"
EndProject
Project("{9A19103F-16F7-4668-BE54-9A1E7A4F7556}") = "Utilities", "Utilities\Utilities.csproj", "{19E6431C-4CFE-4D4B-8EC6-3E31CFF0997D}"
>>>>>>> b39645f4211e59dd19273e4859ced3e5f5348d3a
EndProject
Global
	GlobalSection(SolutionConfigurationPlatforms) = preSolution
		Debug|Any CPU = Debug|Any CPU
		Release|Any CPU = Release|Any CPU
	EndGlobalSection
	GlobalSection(ProjectConfigurationPlatforms) = postSolution
		{267C476A-4CCD-45A6-A358-485D79966304}.Debug|Any CPU.ActiveCfg = Debug|Any CPU
		{267C476A-4CCD-45A6-A358-485D79966304}.Debug|Any CPU.Build.0 = Debug|Any CPU
		{267C476A-4CCD-45A6-A358-485D79966304}.Release|Any CPU.ActiveCfg = Release|Any CPU
		{267C476A-4CCD-45A6-A358-485D79966304}.Release|Any CPU.Build.0 = Release|Any CPU
<<<<<<< HEAD
		{55ED2E95-E26E-46AA-92DE-8597216B453D}.Debug|Any CPU.ActiveCfg = Debug|Any CPU
		{55ED2E95-E26E-46AA-92DE-8597216B453D}.Debug|Any CPU.Build.0 = Debug|Any CPU
		{55ED2E95-E26E-46AA-92DE-8597216B453D}.Release|Any CPU.ActiveCfg = Release|Any CPU
		{55ED2E95-E26E-46AA-92DE-8597216B453D}.Release|Any CPU.Build.0 = Release|Any CPU
		{806F0ACE-25BD-42AF-9F72-DCD1FF5E9C1D}.Debug|Any CPU.ActiveCfg = Debug|Any CPU
		{806F0ACE-25BD-42AF-9F72-DCD1FF5E9C1D}.Debug|Any CPU.Build.0 = Debug|Any CPU
		{806F0ACE-25BD-42AF-9F72-DCD1FF5E9C1D}.Release|Any CPU.ActiveCfg = Release|Any CPU
		{806F0ACE-25BD-42AF-9F72-DCD1FF5E9C1D}.Release|Any CPU.Build.0 = Release|Any CPU
		{499F3C88-467D-469E-A0DC-F34A406D6EC6}.Debug|Any CPU.ActiveCfg = Debug|Any CPU
		{499F3C88-467D-469E-A0DC-F34A406D6EC6}.Debug|Any CPU.Build.0 = Debug|Any CPU
		{499F3C88-467D-469E-A0DC-F34A406D6EC6}.Release|Any CPU.ActiveCfg = Release|Any CPU
		{499F3C88-467D-469E-A0DC-F34A406D6EC6}.Release|Any CPU.Build.0 = Release|Any CPU
		{70FA9F86-F38E-431B-9AF6-7366CCCCC662}.Debug|Any CPU.ActiveCfg = Debug|Any CPU
		{70FA9F86-F38E-431B-9AF6-7366CCCCC662}.Debug|Any CPU.Build.0 = Debug|Any CPU
		{70FA9F86-F38E-431B-9AF6-7366CCCCC662}.Release|Any CPU.ActiveCfg = Release|Any CPU
		{70FA9F86-F38E-431B-9AF6-7366CCCCC662}.Release|Any CPU.Build.0 = Release|Any CPU
=======
		{5F0B40BB-241A-49F8-BA31-CEF351A753B2}.Debug|Any CPU.ActiveCfg = Debug|Any CPU
		{5F0B40BB-241A-49F8-BA31-CEF351A753B2}.Debug|Any CPU.Build.0 = Debug|Any CPU
		{5F0B40BB-241A-49F8-BA31-CEF351A753B2}.Release|Any CPU.ActiveCfg = Release|Any CPU
		{5F0B40BB-241A-49F8-BA31-CEF351A753B2}.Release|Any CPU.Build.0 = Release|Any CPU
		{AFD4F853-22EE-48A3-BE6A-CE0C41F2CC21}.Debug|Any CPU.ActiveCfg = Debug|Any CPU
		{AFD4F853-22EE-48A3-BE6A-CE0C41F2CC21}.Debug|Any CPU.Build.0 = Debug|Any CPU
		{AFD4F853-22EE-48A3-BE6A-CE0C41F2CC21}.Release|Any CPU.ActiveCfg = Release|Any CPU
		{AFD4F853-22EE-48A3-BE6A-CE0C41F2CC21}.Release|Any CPU.Build.0 = Release|Any CPU
		{0C586CFD-3DE9-41FF-A677-40B9936C9B46}.Debug|Any CPU.ActiveCfg = Debug|Any CPU
		{0C586CFD-3DE9-41FF-A677-40B9936C9B46}.Debug|Any CPU.Build.0 = Debug|Any CPU
		{0C586CFD-3DE9-41FF-A677-40B9936C9B46}.Release|Any CPU.ActiveCfg = Release|Any CPU
		{0C586CFD-3DE9-41FF-A677-40B9936C9B46}.Release|Any CPU.Build.0 = Release|Any CPU
		{19E6431C-4CFE-4D4B-8EC6-3E31CFF0997D}.Debug|Any CPU.ActiveCfg = Debug|Any CPU
		{19E6431C-4CFE-4D4B-8EC6-3E31CFF0997D}.Debug|Any CPU.Build.0 = Debug|Any CPU
		{19E6431C-4CFE-4D4B-8EC6-3E31CFF0997D}.Release|Any CPU.ActiveCfg = Release|Any CPU
		{19E6431C-4CFE-4D4B-8EC6-3E31CFF0997D}.Release|Any CPU.Build.0 = Release|Any CPU
>>>>>>> b39645f4211e59dd19273e4859ced3e5f5348d3a
	EndGlobalSection
	GlobalSection(SolutionProperties) = preSolution
		HideSolutionNode = FALSE
	EndGlobalSection
	GlobalSection(ExtensibilityGlobals) = postSolution
		SolutionGuid = {039CAF35-DD08-44C3-87B6-4B5885D1EA84}
	EndGlobalSection
EndGlobal
